
Microsoft Visual Studio Solution File, Format Version 12.00
# Visual Studio Version 16
VisualStudioVersion = 16.0.29613.14
MinimumVisualStudioVersion = 10.0.40219.1
Project("{FAE04EC0-301F-11D3-BF4B-00C04F79EFBC}") = "Rdppractice2", "Rdppractice2\Rdppractice2.csproj", "{629CF59B-E856-435F-AC25-DE4A8DD4F699}"
EndProject
Global
	GlobalSection(SolutionConfigurationPlatforms) = preSolution
		Debug|Any CPU = Debug|Any CPU
		Release|Any CPU = Release|Any CPU
	EndGlobalSection
	GlobalSection(ProjectConfigurationPlatforms) = postSolution
		{629CF59B-E856-435F-AC25-DE4A8DD4F699}.Debug|Any CPU.ActiveCfg = Debug|Any CPU
		{629CF59B-E856-435F-AC25-DE4A8DD4F699}.Debug|Any CPU.Build.0 = Debug|Any CPU
		{629CF59B-E856-435F-AC25-DE4A8DD4F699}.Release|Any CPU.ActiveCfg = Release|Any CPU
		{629CF59B-E856-435F-AC25-DE4A8DD4F699}.Release|Any CPU.Build.0 = Release|Any CPU
	EndGlobalSection
	GlobalSection(SolutionProperties) = preSolution
		HideSolutionNode = FALSE
	EndGlobalSection
	GlobalSection(ExtensibilityGlobals) = postSolution
		SolutionGuid = {586600D1-C4E9-4F1B-B057-92B74760A016}
	EndGlobalSection
EndGlobal
